
Microsoft Visual Studio Solution File, Format Version 12.00
# Visual Studio Version 17
VisualStudioVersion = 17.8.34330.188
MinimumVisualStudioVersion = 10.0.40219.1
Project("{FAE04EC0-301F-11D3-BF4B-00C04F79EFBC}") = "MOD8", "MOD8.csproj", "{AB9717CC-1560-4BED-BE92-7CE4D21C126F}"
EndProject
Global
	GlobalSection(SolutionConfigurationPlatforms) = preSolution
		Debug|Any CPU = Debug|Any CPU
		Release|Any CPU = Release|Any CPU
	EndGlobalSection
	GlobalSection(ProjectConfigurationPlatforms) = postSolution
		{AB9717CC-1560-4BED-BE92-7CE4D21C126F}.Debug|Any CPU.ActiveCfg = Debug|Any CPU
		{AB9717CC-1560-4BED-BE92-7CE4D21C126F}.Debug|Any CPU.Build.0 = Debug|Any CPU
		{AB9717CC-1560-4BED-BE92-7CE4D21C126F}.Release|Any CPU.ActiveCfg = Release|Any CPU
		{AB9717CC-1560-4BED-BE92-7CE4D21C126F}.Release|Any CPU.Build.0 = Release|Any CPU
	EndGlobalSection
	GlobalSection(SolutionProperties) = preSolution
		HideSolutionNode = FALSE
	EndGlobalSection
	GlobalSection(ExtensibilityGlobals) = postSolution
		SolutionGuid = {9E6F60C9-5CAA-4A13-947D-3D343A41E1C0}
	EndGlobalSection
EndGlobal
